
Microsoft Visual Studio Solution File, Format Version 12.00
# Visual Studio Version 17
VisualStudioVersion = 17.14.36414.22
MinimumVisualStudioVersion = 10.0.40219.1
Project("{FAE04EC0-301F-11D3-BF4B-00C04F79EFBC}") = "PatientManagement.API", "PatientManagement.API.csproj", "{8F0A4909-98CB-0E20-321E-F9139CE218C6}"
EndProject
Project("{FAE04EC0-301F-11D3-BF4B-00C04F79EFBC}") = "PatientManagement.BusinessLogic", "..\PatientManagement.BusinessLogic\PatientManagement.BusinessLogic.csproj", "{450AC2B4-24F4-4415-85AD-C07C49E608AA}"
EndProject
Project("{FAE04EC0-301F-11D3-BF4B-00C04F79EFBC}") = "PatientManagement.DataAccess", "..\PatientManagement.DataAccess\PatientManagement.DataAccess.csproj", "{7475F5D5-D222-4EDF-B58B-0CE77CC3AF70}"
EndProject
Project("{FAE04EC0-301F-11D3-BF4B-00C04F79EFBC}") = "PatientManagement.Models", "..\PatientManagement.Models\PatientManagement.Models.csproj", "{5F55D2A5-4CE9-4481-A5B2-347F8F9B512A}"
EndProject
Global
	GlobalSection(SolutionConfigurationPlatforms) = preSolution
		Debug|Any CPU = Debug|Any CPU
		Release|Any CPU = Release|Any CPU
	EndGlobalSection
	GlobalSection(ProjectConfigurationPlatforms) = postSolution
		{8F0A4909-98CB-0E20-321E-F9139CE218C6}.Debug|Any CPU.ActiveCfg = Debug|Any CPU
		{8F0A4909-98CB-0E20-321E-F9139CE218C6}.Debug|Any CPU.Build.0 = Debug|Any CPU
		{8F0A4909-98CB-0E20-321E-F9139CE218C6}.Release|Any CPU.ActiveCfg = Release|Any CPU
		{8F0A4909-98CB-0E20-321E-F9139CE218C6}.Release|Any CPU.Build.0 = Release|Any CPU
		{450AC2B4-24F4-4415-85AD-C07C49E608AA}.Debug|Any CPU.ActiveCfg = Debug|Any CPU
		{450AC2B4-24F4-4415-85AD-C07C49E608AA}.Debug|Any CPU.Build.0 = Debug|Any CPU
		{450AC2B4-24F4-4415-85AD-C07C49E608AA}.Release|Any CPU.ActiveCfg = Release|Any CPU
		{450AC2B4-24F4-4415-85AD-C07C49E608AA}.Release|Any CPU.Build.0 = Release|Any CPU
		{7475F5D5-D222-4EDF-B58B-0CE77CC3AF70}.Debug|Any CPU.ActiveCfg = Debug|Any CPU
		{7475F5D5-D222-4EDF-B58B-0CE77CC3AF70}.Debug|Any CPU.Build.0 = Debug|Any CPU
		{7475F5D5-D222-4EDF-B58B-0CE77CC3AF70}.Release|Any CPU.ActiveCfg = Release|Any CPU
		{7475F5D5-D222-4EDF-B58B-0CE77CC3AF70}.Release|Any CPU.Build.0 = Release|Any CPU
		{5F55D2A5-4CE9-4481-A5B2-347F8F9B512A}.Debug|Any CPU.ActiveCfg = Debug|Any CPU
		{5F55D2A5-4CE9-4481-A5B2-347F8F9B512A}.Debug|Any CPU.Build.0 = Debug|Any CPU
		{5F55D2A5-4CE9-4481-A5B2-347F8F9B512A}.Release|Any CPU.ActiveCfg = Release|Any CPU
		{5F55D2A5-4CE9-4481-A5B2-347F8F9B512A}.Release|Any CPU.Build.0 = Release|Any CPU
	EndGlobalSection
	GlobalSection(SolutionProperties) = preSolution
		HideSolutionNode = FALSE
	EndGlobalSection
	GlobalSection(ExtensibilityGlobals) = postSolution
		SolutionGuid = {CC7BB8FD-F79B-4EC1-A78B-9A471ECD83AC}
	EndGlobalSection
EndGlobal
